{
  "requires": true,
  "lockfileVersion": 1,
  "dependencies": {
    "@babel/helper-builder-react-jsx": {
      "version": "7.3.0",
      "resolved": "https://registry.npmjs.org/@babel/helper-builder-react-jsx/-/helper-builder-react-jsx-7.3.0.tgz",
      "integrity": "sha1-oayVpdKz6Irl5UhGv0Yu64GzGKQ=",
      "requires": {
        "@babel/types": "^7.3.0",
        "esutils": "^2.0.0"
      }
    },
    "@babel/helper-module-imports": {
      "version": "7.0.0",
      "resolved": "https://registry.npmjs.org/@babel/helper-module-imports/-/helper-module-imports-7.0.0.tgz",
      "integrity": "sha1-lggbcRHkhtpNLNlxrRpP4hbMLj0=",
      "requires": {
        "@babel/types": "^7.0.0"
      }
    },
    "@babel/helper-plugin-utils": {
      "version": "7.0.0",
      "resolved": "https://registry.npmjs.org/@babel/helper-plugin-utils/-/helper-plugin-utils-7.0.0.tgz",
      "integrity": "sha1-u7P77phmHFaQNCN8wDlnupm08lA="
    },
    "@babel/plugin-syntax-jsx": {
      "version": "7.2.0",
      "resolved": "https://registry.npmjs.org/@babel/plugin-syntax-jsx/-/plugin-syntax-jsx-7.2.0.tgz",
      "integrity": "sha1-C4WjtLx830zEuL8jYzW5B8oi58c=",
      "requires": {
        "@babel/helper-plugin-utils": "^7.0.0"
      }
    },
    "@babel/plugin-transform-react-jsx": {
      "version": "7.3.0",
      "resolved": "https://registry.npmjs.org/@babel/plugin-transform-react-jsx/-/plugin-transform-react-jsx-7.3.0.tgz",
      "integrity": "sha1-8sq5kCZjHHZ+J0WlNoszHP6PUpA=",
      "requires": {
        "@babel/helper-builder-react-jsx": "^7.3.0",
        "@babel/helper-plugin-utils": "^7.0.0",
        "@babel/plugin-syntax-jsx": "^7.2.0"
      }
    },
    "@babel/runtime": {
      "version": "7.6.3",
      "resolved": "https://registry.npmjs.org/@babel/runtime/-/runtime-7.6.3.tgz",
      "integrity": "sha1-k1Eix0xz0iQMr9Mt21/Cps01zx8=",
      "requires": {
        "regenerator-runtime": "^0.13.2"
      }
    },
    "@babel/types": {
      "version": "7.6.3",
      "resolved": "https://registry.npmjs.org/@babel/types/-/types-7.6.3.tgz",
      "integrity": "sha1-PwfZb4VPmOL71FxksMuULRHougk=",
      "requires": {
        "esutils": "^2.0.2",
        "lodash": "^4.17.13",
        "to-fast-properties": "^2.0.0"
      }
    },
    "@emotion/babel-plugin-jsx-pragmatic": {
      "version": "0.1.3",
      "resolved": "https://registry.npmjs.org/@emotion/babel-plugin-jsx-pragmatic/-/babel-plugin-jsx-pragmatic-0.1.3.tgz",
      "integrity": "sha1-4GSJsAvagDBOcZi+dvRI3SZ985c=",
      "requires": {
        "@babel/plugin-syntax-jsx": "^7.2.0"
      }
    },
    "@emotion/babel-preset-css-prop": {
      "version": "10.0.22",
      "resolved": "https://registry.npmjs.org/@emotion/babel-preset-css-prop/-/babel-preset-css-prop-10.0.22.tgz",
      "integrity": "sha1-lU7S73A/UhSEFS3wbrRCSpk4Pao=",
      "requires": {
        "@babel/plugin-transform-react-jsx": "^7.3.0",
        "@babel/runtime": "^7.5.5",
        "@emotion/babel-plugin-jsx-pragmatic": "^0.1.3",
        "babel-plugin-emotion": "^10.0.22"
      }
    },
    "@emotion/cache": {
      "version": "10.0.19",
      "resolved": "https://registry.npmjs.org/@emotion/cache/-/cache-10.0.19.tgz",
      "integrity": "sha1-0ljZTZxwfcra8VWN75aLhruHrXE=",
      "requires": {
        "@emotion/sheet": "0.9.3",
        "@emotion/stylis": "0.8.4",
        "@emotion/utils": "0.11.2",
        "@emotion/weak-memoize": "0.2.4"
      }
    },
    "@emotion/core": {
      "version": "10.0.22",
      "resolved": "https://registry.npmjs.org/@emotion/core/-/core-10.0.22.tgz",
      "integrity": "sha1-Kse8+bmaGXmrWwqHb783qwaIsXc=",
      "requires": {
        "@babel/runtime": "^7.5.5",
        "@emotion/cache": "^10.0.17",
        "@emotion/css": "^10.0.22",
        "@emotion/serialize": "^0.11.12",
        "@emotion/sheet": "0.9.3",
        "@emotion/utils": "0.11.2"
      }
    },
    "@emotion/css": {
      "version": "10.0.22",
      "resolved": "https://registry.npmjs.org/@emotion/css/-/css-10.0.22.tgz",
      "integrity": "sha1-N7GrtoJnWf6KwK8KwANNJ95tF5M=",
      "requires": {
        "@emotion/serialize": "^0.11.12",
        "@emotion/utils": "0.11.2",
        "babel-plugin-emotion": "^10.0.22"
      }
    },
    "@emotion/hash": {
      "version": "0.7.3",
      "resolved": "https://registry.npmjs.org/@emotion/hash/-/hash-0.7.3.tgz",
      "integrity": "sha1-oWaILIHAxgQJdd0w3yT66FSb2W8="
    },
    "@emotion/is-prop-valid": {
      "version": "0.8.3",
      "resolved": "https://registry.npmjs.org/@emotion/is-prop-valid/-/is-prop-valid-0.8.3.tgz",
      "integrity": "sha1-y+Yt2+oIqgIs33LaOXFXCjMZDSk=",
      "requires": {
        "@emotion/memoize": "0.7.3"
      }
    },
    "@emotion/memoize": {
      "version": "0.7.3",
      "resolved": "https://registry.npmjs.org/@emotion/memoize/-/memoize-0.7.3.tgz",
      "integrity": "sha1-W2scEdam3d8fL8mW90zzshlkTXg="
    },
    "@emotion/serialize": {
      "version": "0.11.13",
      "resolved": "https://registry.npmjs.org/@emotion/serialize/-/serialize-0.11.13.tgz",
      "integrity": "sha1-Sbk+jm99unC78OzWl7tOA/RdjN4=",
      "requires": {
        "@emotion/hash": "0.7.3",
        "@emotion/memoize": "0.7.3",
        "@emotion/unitless": "0.7.4",
        "@emotion/utils": "0.11.2",
        "csstype": "^2.5.7"
      }
    },
    "@emotion/sheet": {
      "version": "0.9.3",
      "resolved": "https://registry.npmjs.org/@emotion/sheet/-/sheet-0.9.3.tgz",
      "integrity": "sha1-aJ8TXs+H08ZQ7QxPXdy+V5iDVko="
    },
    "@emotion/styled": {
      "version": "10.0.22",
      "resolved": "https://registry.npmjs.org/@emotion/styled/-/styled-10.0.22.tgz",
      "integrity": "sha1-7jmHEIduvaWkGPhDWVFsahxcQbE=",
      "requires": {
        "@emotion/styled-base": "^10.0.22",
        "babel-plugin-emotion": "^10.0.22"
      }
    },
    "@emotion/styled-base": {
      "version": "10.0.22",
      "resolved": "https://registry.npmjs.org/@emotion/styled-base/-/styled-base-10.0.22.tgz",
      "integrity": "sha1-K26G5Hftgb10qmzvX0A9UAUD31s=",
      "requires": {
        "@babel/runtime": "^7.5.5",
        "@emotion/is-prop-valid": "0.8.3",
        "@emotion/serialize": "^0.11.12",
        "@emotion/utils": "0.11.2"
      }
    },
    "@emotion/stylis": {
      "version": "0.8.4",
      "resolved": "https://registry.npmjs.org/@emotion/stylis/-/stylis-0.8.4.tgz",
      "integrity": "sha1-bFGv3x3Q1zZmugnS62wlwiDW/kw="
    },
    "@emotion/unitless": {
      "version": "0.7.4",
      "resolved": "https://registry.npmjs.org/@emotion/unitless/-/unitless-0.7.4.tgz",
      "integrity": "sha1-qHtLBOWuFKiNSOvvFQFfa30fVnc="
    },
    "@emotion/utils": {
      "version": "0.11.2",
      "resolved": "https://registry.npmjs.org/@emotion/utils/-/utils-0.11.2.tgz",
      "integrity": "sha1-cTBWv9/7OWsKFPHI8Y57TQ0gAYM="
    },
    "@emotion/weak-memoize": {
      "version": "0.2.4",
      "resolved": "https://registry.npmjs.org/@emotion/weak-memoize/-/weak-memoize-0.2.4.tgz",
      "integrity": "sha1-Yipyvr0eP0jZIVY7S2CnYilagfw="
    },
    "any-base": {
      "version": "1.1.0",
      "resolved": "https://registry.npmjs.org/any-base/-/any-base-1.1.0.tgz",
      "integrity": "sha512-uMgjozySS8adZZYePpaWs8cxB9/kdzmpX6SgJZ+wbz1K5eYk5QMYDVJaZKhxyIHUdnnJkfR7SVgStgH7LkGUyg=="
    },
    "argparse": {
      "version": "1.0.10",
      "resolved": "https://registry.npmjs.org/argparse/-/argparse-1.0.10.tgz",
      "integrity": "sha1-vNZ5HqWuCXJeF+WtmIE0zUCz2RE=",
      "requires": {
        "sprintf-js": "~1.0.2"
      }
    },
    "babel-plugin-emotion": {
      "version": "10.0.22",
      "resolved": "https://registry.npmjs.org/babel-plugin-emotion/-/babel-plugin-emotion-10.0.22.tgz",
      "integrity": "sha1-eGCzn5bcwbeeMmmHzinU/P/5b1I=",
      "requires": {
        "@babel/helper-module-imports": "^7.0.0",
        "@emotion/hash": "0.7.3",
        "@emotion/memoize": "0.7.3",
        "@emotion/serialize": "^0.11.12",
        "babel-plugin-macros": "^2.0.0",
        "babel-plugin-syntax-jsx": "^6.18.0",
        "convert-source-map": "^1.5.0",
        "escape-string-regexp": "^1.0.5",
        "find-root": "^1.1.0",
        "source-map": "^0.5.7"
      }
    },
    "babel-plugin-macros": {
      "version": "2.6.1",
      "resolved": "https://registry.npmjs.org/babel-plugin-macros/-/babel-plugin-macros-2.6.1.tgz",
      "integrity": "sha1-Qffq1hb8NvapMYDolpf2n1FnEYE=",
      "requires": {
        "@babel/runtime": "^7.4.2",
        "cosmiconfig": "^5.2.0",
        "resolve": "^1.10.0"
      }
    },
    "babel-plugin-syntax-jsx": {
      "version": "6.18.0",
      "resolved": "https://registry.npmjs.org/babel-plugin-syntax-jsx/-/babel-plugin-syntax-jsx-6.18.0.tgz",
      "integrity": "sha1-CvMqmm4Tyno/1QaeYtew9Y0NiUY="
    },
    "caller-callsite": {
      "version": "2.0.0",
      "resolved": "https://registry.npmjs.org/caller-callsite/-/caller-callsite-2.0.0.tgz",
      "integrity": "sha1-hH4PzgoiN1CpoCfFSzNzGtMVQTQ=",
      "requires": {
        "callsites": "^2.0.0"
      }
    },
    "caller-path": {
      "version": "2.0.0",
      "resolved": "https://registry.npmjs.org/caller-path/-/caller-path-2.0.0.tgz",
      "integrity": "sha1-Ro+DBE42mrIBD6xfBs7uFbsssfQ=",
      "requires": {
        "caller-callsite": "^2.0.0"
      }
    },
    "callsites": {
      "version": "2.0.0",
      "resolved": "https://registry.npmjs.org/callsites/-/callsites-2.0.0.tgz",
      "integrity": "sha1-BuuE8A7qQT2oav/vrL/7Ngk7PFA="
    },
    "convert-source-map": {
      "version": "1.6.0",
      "resolved": "https://registry.npmjs.org/convert-source-map/-/convert-source-map-1.6.0.tgz",
      "integrity": "sha1-UbU3qMQ+DwTewZk7/83VBOdYrCA=",
      "requires": {
        "safe-buffer": "~5.1.1"
      }
    },
    "cosmiconfig": {
      "version": "5.2.1",
      "resolved": "https://registry.npmjs.org/cosmiconfig/-/cosmiconfig-5.2.1.tgz",
      "integrity": "sha1-BA9yaAnFked6F8CjYmykW08Wixo=",
      "requires": {
        "import-fresh": "^2.0.0",
        "is-directory": "^0.3.1",
        "js-yaml": "^3.13.1",
        "parse-json": "^4.0.0"
      }
    },
    "csstype": {
      "version": "2.6.7",
      "resolved": "https://registry.npmjs.org/csstype/-/csstype-2.6.7.tgz",
      "integrity": "sha1-ILACTCC2cY9O2jhTofWhzOf15KU="
    },
    "dom-walk": {
      "version": "0.1.1",
      "resolved": "https://registry.npmjs.org/dom-walk/-/dom-walk-0.1.1.tgz",
      "integrity": "sha1-ZyIm3HTI95mtNTB9+TaroRrNYBg="
    },
    "error-ex": {
      "version": "1.3.2",
      "resolved": "https://registry.npmjs.org/error-ex/-/error-ex-1.3.2.tgz",
      "integrity": "sha1-tKxAZIEH/c3PriQvQovqihTU8b8=",
      "requires": {
        "is-arrayish": "^0.2.1"
      }
    },
    "escape-string-regexp": {
      "version": "1.0.5",
      "resolved": "https://registry.npmjs.org/escape-string-regexp/-/escape-string-regexp-1.0.5.tgz",
      "integrity": "sha1-G2HAViGQqN/2rjuyzwIAyhMLhtQ="
    },
    "esprima": {
      "version": "4.0.1",
      "resolved": "https://registry.npmjs.org/esprima/-/esprima-4.0.1.tgz",
      "integrity": "sha1-E7BM2z5sXRnfkatph6hpVhmwqnE="
    },
    "esutils": {
      "version": "2.0.3",
      "resolved": "https://registry.npmjs.org/esutils/-/esutils-2.0.3.tgz",
      "integrity": "sha1-dNLrTeC42hKTcRkQ1Qd1ubcQ72Q="
    },
    "filter-invalid-dom-props": {
      "version": "2.0.0",
      "resolved": "https://registry.npmjs.org/filter-invalid-dom-props/-/filter-invalid-dom-props-2.0.0.tgz",
      "integrity": "sha1-Un8UlMs8Tygqc8Q4BBU+uAxC3Cw=",
      "requires": {
        "html-attributes": "1.1.0"
      }
    },
    "find-root": {
      "version": "1.1.0",
      "resolved": "https://registry.npmjs.org/find-root/-/find-root-1.1.0.tgz",
      "integrity": "sha1-q8/Iunb3CMQql7PWhbfpRQv7nOQ="
    },
    "gatsby-plugin-emotion": {
      "version": "4.1.12",
      "resolved": "https://registry.npmjs.org/gatsby-plugin-emotion/-/gatsby-plugin-emotion-4.1.12.tgz",
      "integrity": "sha1-CxpUI2P/8Wdt/HA+5Qg8MhWsV68=",
      "requires": {
        "@babel/runtime": "^7.6.3",
        "@emotion/babel-preset-css-prop": "^10.0.17"
      }
    },
    "global": {
      "version": "4.4.0",
      "resolved": "https://registry.npmjs.org/global/-/global-4.4.0.tgz",
      "integrity": "sha512-wv/LAoHdRE3BeTGz53FAamhGlPLhlssK45usmGFThIi4XqnBmjKQ16u+RNbP7WvigRZDxUsM0J3gcQ5yicaL0w==",
      "requires": {
        "min-document": "^2.19.0",
        "process": "^0.11.10"
      }
    },
    "html-attributes": {
      "version": "1.1.0",
      "resolved": "https://registry.npmjs.org/html-attributes/-/html-attributes-1.1.0.tgz",
      "integrity": "sha1-ggJ6T6x6YHDqbBjMOIauoY1t6gk="
    },
    "import-fresh": {
      "version": "2.0.0",
      "resolved": "https://registry.npmjs.org/import-fresh/-/import-fresh-2.0.0.tgz",
      "integrity": "sha1-2BNVwVYS04bGH53dOSLUMEgipUY=",
      "requires": {
        "caller-path": "^2.0.0",
        "resolve-from": "^3.0.0"
      }
    },
    "is-arrayish": {
      "version": "0.2.1",
      "resolved": "https://registry.npmjs.org/is-arrayish/-/is-arrayish-0.2.1.tgz",
      "integrity": "sha1-d8mYQFJ6qOyxqLppe4BkWnqSap0="
    },
    "is-directory": {
      "version": "0.3.1",
      "resolved": "https://registry.npmjs.org/is-directory/-/is-directory-0.3.1.tgz",
      "integrity": "sha1-YTObbyR1/Hcv2cnYP1yFddwVSuE="
    },
    "js-yaml": {
      "version": "3.13.1",
      "resolved": "https://registry.npmjs.org/js-yaml/-/js-yaml-3.13.1.tgz",
      "integrity": "sha1-r/FRswv9+o5J4F2iLnQV6d+jeEc=",
      "requires": {
        "argparse": "^1.0.7",
        "esprima": "^4.0.0"
      }
    },
    "json-parse-better-errors": {
      "version": "1.0.2",
      "resolved": "https://registry.npmjs.org/json-parse-better-errors/-/json-parse-better-errors-1.0.2.tgz",
      "integrity": "sha1-u4Z8+zRQ5pEHwTHRxRS6s9yLyqk="
    },
    "lodash": {
      "version": "4.17.15",
      "resolved": "https://registry.npmjs.org/lodash/-/lodash-4.17.15.tgz",
      "integrity": "sha1-tEf2ZwoEVbv+7dETku/zMOoJdUg="
    },
    "min-document": {
      "version": "2.19.0",
      "resolved": "https://registry.npmjs.org/min-document/-/min-document-2.19.0.tgz",
      "integrity": "sha1-e9KC4/WELtKVu3SM3Z8f+iyCRoU=",
      "requires": {
        "dom-walk": "^0.1.0"
      }
    },
    "parse-json": {
      "version": "4.0.0",
      "resolved": "https://registry.npmjs.org/parse-json/-/parse-json-4.0.0.tgz",
      "integrity": "sha1-vjX1Qlvh9/bHRxhPmKeIy5lHfuA=",
      "requires": {
        "error-ex": "^1.3.1",
        "json-parse-better-errors": "^1.0.1"
      }
    },
    "path-parse": {
      "version": "1.0.6",
      "resolved": "https://registry.npmjs.org/path-parse/-/path-parse-1.0.6.tgz",
      "integrity": "sha1-1i27VnlAXXLEc37FhgDp3c8G0kw="
    },
    "process": {
      "version": "0.11.10",
      "resolved": "https://registry.npmjs.org/process/-/process-0.11.10.tgz",
      "integrity": "sha1-czIwDoQBYb2j5podHZGn1LwW8YI="
    },
    "regenerator-runtime": {
      "version": "0.13.3",
      "resolved": "https://registry.npmjs.org/regenerator-runtime/-/regenerator-runtime-0.13.3.tgz",
      "integrity": "sha1-fPanfY9cb2Drc8X8GVWyzrAea/U="
    },
    "resolve": {
      "version": "1.12.0",
      "resolved": "https://registry.npmjs.org/resolve/-/resolve-1.12.0.tgz",
      "integrity": "sha1-P8ZEo1yEpIVUYJ/ybsUrZvpXffY=",
      "requires": {
        "path-parse": "^1.0.6"
      }
    },
    "resolve-from": {
      "version": "3.0.0",
      "resolved": "https://registry.npmjs.org/resolve-from/-/resolve-from-3.0.0.tgz",
      "integrity": "sha1-six699nWiBvItuZTM17rywoYh0g="
    },
    "safe-buffer": {
      "version": "5.1.2",
      "resolved": "https://registry.npmjs.org/safe-buffer/-/safe-buffer-5.1.2.tgz",
      "integrity": "sha1-mR7GnSluAxN0fVm9/St0XDX4go0="
    },
    "short-uuid": {
      "version": "3.1.1",
      "resolved": "https://registry.npmjs.org/short-uuid/-/short-uuid-3.1.1.tgz",
      "integrity": "sha512-7dI69xtJYpTIbg44R6JSgrbDtZFuZ9vAwwmnF/L0PinykbFrhQ7V8omKsQcVw1TP0nYJ7uQp1PN6/aVMkzQFGQ==",
      "requires": {
        "any-base": "^1.1.0",
        "uuid": "^3.3.2"
      }
    },
    "sort-media-queries": {
      "version": "0.2.2",
      "resolved": "https://registry.npmjs.org/sort-media-queries/-/sort-media-queries-0.2.2.tgz",
      "integrity": "sha1-/d/B5w1mJ1kJG2ojd29EiGg9yh4=",
      "requires": {
        "xtend": "^4.0.0"
      }
    },
    "source-map": {
      "version": "0.5.7",
      "resolved": "https://registry.npmjs.org/source-map/-/source-map-0.5.7.tgz",
      "integrity": "sha1-igOdLRAh0i0eoUyA2OpGi6LvP8w="
    },
    "sprintf-js": {
      "version": "1.0.3",
      "resolved": "https://registry.npmjs.org/sprintf-js/-/sprintf-js-1.0.3.tgz",
      "integrity": "sha1-BOaSb2YolTVPPdAVIDYzuFcpfiw="
    },
    "to-fast-properties": {
      "version": "2.0.0",
      "resolved": "https://registry.npmjs.org/to-fast-properties/-/to-fast-properties-2.0.0.tgz",
      "integrity": "sha1-3F5pjL0HkmW8c+A3doGk5Og/YW4="
    },
    "uuid": {
      "version": "3.4.0",
      "resolved": "https://registry.npmjs.org/uuid/-/uuid-3.4.0.tgz",
      "integrity": "sha512-HjSDRw6gZE5JMggctHBcjVak08+KEVhSIiDzFnT9S9aegmp85S/bReBVTb4QTFaRNptJ9kuYaNhnbNEOkbKb/A=="
    },
    "xtend": {
      "version": "4.0.2",
      "resolved": "https://registry.npmjs.org/xtend/-/xtend-4.0.2.tgz",
      "integrity": "sha512-LKYU1iAXJXUgAXn9URjiu+MWhyUXHsvfp7mcuYm9dSUKK0/CjtrUwFAxD82/mCWbtLsGjFIad0wIsod4zrTAEQ=="
    }
  }
}
